// !$*UTF8*$!
{
	archiveVersion = 1;
	classes = {
	};
	objectVersion = 46;
	objects = {

/* Begin PBXBuildFile section */
		4BEDEA361DB7257500245FFD /* main.m in Sources */ = {isa = PBXBuildFile; fileRef = 4BEDEA351DB7257500245FFD /* main.m */; };
		4BEDEA391DB7257500245FFD /* AppDelegate.m in Sources */ = {isa = PBXBuildFile; fileRef = 4BEDEA381DB7257500245FFD /* AppDelegate.m */; };
		4BEDEA3F1DB7257500245FFD /* Main.storyboard in Resources */ = {isa = PBXBuildFile; fileRef = 4BEDEA3D1DB7257500245FFD /* Main.storyboard */; };
		4BEDEA411DB7257500245FFD /* Assets.xcassets in Resources */ = {isa = PBXBuildFile; fileRef = 4BEDEA401DB7257500245FFD /* Assets.xcassets */; };
		4BEDEA441DB7257500245FFD /* LaunchScreen.storyboard in Resources */ = {isa = PBXBuildFile; fileRef = 4BEDEA421DB7257500245FFD /* LaunchScreen.storyboard */; };
		4BEDEA4F1DB7257500245FFD /* swipeTests.m in Sources */ = {isa = PBXBuildFile; fileRef = 4BEDEA4E1DB7257500245FFD /* swipeTests.m */; };
		4BEDEA5A1DB7257500245FFD /* swipeUITests.m in Sources */ = {isa = PBXBuildFile; fileRef = 4BEDEA591DB7257500245FFD /* swipeUITests.m */; };
		4BEDEA691DB726E900245FFD /* SwipeViewController.m in Sources */ = {isa = PBXBuildFile; fileRef = 4BEDEA681DB726E900245FFD /* SwipeViewController.m */; };
		4BEDEA6B1DB7286000245FFD /* 2.png in Resources */ = {isa = PBXBuildFile; fileRef = 4BEDEA6A1DB7286000245FFD /* 2.png */; };
		4BEDEA6D1DB728B200245FFD /* 1.png in Resources */ = {isa = PBXBuildFile; fileRef = 4BEDEA6C1DB728B200245FFD /* 1.png */; };
		4BEDEA6F1DB728D800245FFD /* 3.png in Resources */ = {isa = PBXBuildFile; fileRef = 4BEDEA6E1DB728D800245FFD /* 3.png */; };
		4BEDEA711DB728F500245FFD /* 31.png in Resources */ = {isa = PBXBuildFile; fileRef = 4BEDEA701DB728F500245FFD /* 31.png */; };
/* End PBXBuildFile section */

/* Begin PBXContainerItemProxy section */
		4BEDEA4B1DB7257500245FFD /* PBXContainerItemProxy */ = {
			isa = PBXContainerItemProxy;
			containerPortal = 4BEDEA291DB7257500245FFD /* Project object */;
			proxyType = 1;
			remoteGlobalIDString = 4BEDEA301DB7257500245FFD;
			remoteInfo = swipe;
		};
		4BEDEA561DB7257500245FFD /* PBXContainerItemProxy */ = {
			isa = PBXContainerItemProxy;
			containerPortal = 4BEDEA291DB7257500245FFD /* Project object */;
			proxyType = 1;
			remoteGlobalIDString = 4BEDEA301DB7257500245FFD;
			remoteInfo = swipe;
		};
/* End PBXContainerItemProxy section */

/* Begin PBXFileReference section */
		4BEDEA311DB7257500245FFD /* swipe.app */ = {isa = PBXFileReference; explicitFileType = wrapper.application; includeInIndex = 0; path = swipe.app; sourceTree = BUILT_PRODUCTS_DIR; };
		4BEDEA351DB7257500245FFD /* main.m */ = {isa = PBXFileReference; lastKnownFileType = sourcecode.c.objc; path = main.m; sourceTree = "<group>"; };
		4BEDEA371DB7257500245FFD /* AppDelegate.h */ = {isa = PBXFileReference; lastKnownFileType = sourcecode.c.h; path = AppDelegate.h; sourceTree = "<group>"; };
		4BEDEA381DB7257500245FFD /* AppDelegate.m */ = {isa = PBXFileReference; lastKnownFileType = sourcecode.c.objc; path = AppDelegate.m; sourceTree = "<group>"; };
		4BEDEA3E1DB7257500245FFD /* Base */ = {isa = PBXFileReference; lastKnownFileType = file.storyboard; name = Base; path = Base.lproj/Main.storyboard; sourceTree = "<group>"; };
		4BEDEA401DB7257500245FFD /* Assets.xcassets */ = {isa = PBXFileReference; lastKnownFileType = folder.assetcatalog; path = Assets.xcassets; sourceTree = "<group>"; };
		4BEDEA431DB7257500245FFD /* Base */ = {isa = PBXFileReference; lastKnownFileType = file.storyboard; name = Base; path = Base.lproj/LaunchScreen.storyboard; sourceTree = "<group>"; };
		4BEDEA451DB7257500245FFD /* Info.plist */ = {isa = PBXFileReference; lastKnownFileType = text.plist.xml; path = Info.plist; sourceTree = "<group>"; };
		4BEDEA4A1DB7257500245FFD /* swipeTests.xctest */ = {isa = PBXFileReference; explicitFileType = wrapper.cfbundle; includeInIndex = 0; path = swipeTests.xctest; sourceTree = BUILT_PRODUCTS_DIR; };
		4BEDEA4E1DB7257500245FFD /* swipeTests.m */ = {isa = PBXFileReference; lastKnownFileType = sourcecode.c.objc; path = swipeTests.m; sourceTree = "<group>"; };
		4BEDEA501DB7257500245FFD /* Info.plist */ = {isa = PBXFileReference; lastKnownFileType = text.plist.xml; path = Info.plist; sourceTree = "<group>"; };
		4BEDEA551DB7257500245FFD /* swipeUITests.xctest */ = {isa = PBXFileReference; explicitFileType = wrapper.cfbundle; includeInIndex = 0; path = swipeUITests.xctest; sourceTree = BUILT_PRODUCTS_DIR; };
		4BEDEA591DB7257500245FFD /* swipeUITests.m */ = {isa = PBXFileReference; lastKnownFileType = sourcecode.c.objc; path = swipeUITests.m; sourceTree = "<group>"; };
		4BEDEA5B1DB7257500245FFD /* Info.plist */ = {isa = PBXFileReference; lastKnownFileType = text.plist.xml; path = Info.plist; sourceTree = "<group>"; };
		4BEDEA671DB726E900245FFD /* SwipeViewController.h */ = {isa = PBXFileReference; fileEncoding = 4; lastKnownFileType = sourcecode.c.h; path = SwipeViewController.h; sourceTree = "<group>"; };
		4BEDEA681DB726E900245FFD /* SwipeViewController.m */ = {isa = PBXFileReference; fileEncoding = 4; lastKnownFileType = sourcecode.c.objc; path = SwipeViewController.m; sourceTree = "<group>"; };
		4BEDEA6A1DB7286000245FFD /* 2.png */ = {isa = PBXFileReference; lastKnownFileType = image.png; path = 2.png; sourceTree = "<group>"; };
		4BEDEA6C1DB728B200245FFD /* 1.png */ = {isa = PBXFileReference; lastKnownFileType = image.png; path = 1.png; sourceTree = "<group>"; };
		4BEDEA6E1DB728D800245FFD /* 3.png */ = {isa = PBXFileReference; lastKnownFileType = image.png; path = 3.png; sourceTree = "<group>"; };
		4BEDEA701DB728F500245FFD /* 31.png */ = {isa = PBXFileReference; lastKnownFileType = image.png; path = 31.png; sourceTree = "<group>"; };
/* End PBXFileReference section */

/* Begin PBXFrameworksBuildPhase section */
		4BEDEA2E1DB7257500245FFD /* Frameworks */ = {
			isa = PBXFrameworksBuildPhase;
			buildActionMask = 2147483647;
			files = (
			);
			runOnlyForDeploymentPostprocessing = 0;
		};
		4BEDEA471DB7257500245FFD /* Frameworks */ = {
			isa = PBXFrameworksBuildPhase;
			buildActionMask = 2147483647;
			files = (
			);
			runOnlyForDeploymentPostprocessing = 0;
		};
		4BEDEA521DB7257500245FFD /* Frameworks */ = {
			isa = PBXFrameworksBuildPhase;
			buildActionMask = 2147483647;
			files = (
			);
			runOnlyForDeploymentPostprocessing = 0;
		};
/* End PBXFrameworksBuildPhase section */

/* Begin PBXGroup section */
		4BEDEA281DB7257500245FFD = {
			isa = PBXGroup;
			children = (
				4BEDEA331DB7257500245FFD /* swipe */,
				4BEDEA4D1DB7257500245FFD /* swipeTests */,
				4BEDEA581DB7257500245FFD /* swipeUITests */,
				4BEDEA321DB7257500245FFD /* Products */,
			);
			sourceTree = "<group>";
		};
		4BEDEA321DB7257500245FFD /* Products */ = {
			isa = PBXGroup;
			children = (
				4BEDEA311DB7257500245FFD /* swipe.app */,
				4BEDEA4A1DB7257500245FFD /* swipeTests.xctest */,
				4BEDEA551DB7257500245FFD /* swipeUITests.xctest */,
			);
			name = Products;
			sourceTree = "<group>";
		};
		4BEDEA331DB7257500245FFD /* swipe */ = {
			isa = PBXGroup;
			children = (
				4BEDEA371DB7257500245FFD /* AppDelegate.h */,
				4BEDEA381DB7257500245FFD /* AppDelegate.m */,
				4BEDEA671DB726E900245FFD /* SwipeViewController.h */,
				4BEDEA681DB726E900245FFD /* SwipeViewController.m */,
				4BEDEA6A1DB7286000245FFD /* 2.png */,
				4BEDEA6C1DB728B200245FFD /* 1.png */,
				4BEDEA6E1DB728D800245FFD /* 3.png */,
				4BEDEA701DB728F500245FFD /* 31.png */,
				4BEDEA3D1DB7257500245FFD /* Main.storyboard */,
				4BEDEA401DB7257500245FFD /* Assets.xcassets */,
				4BEDEA421DB7257500245FFD /* LaunchScreen.storyboard */,
				4BEDEA451DB7257500245FFD /* Info.plist */,
				4BEDEA341DB7257500245FFD /* Supporting Files */,
			);
			path = swipe;
			sourceTree = "<group>";
		};
		4BEDEA341DB7257500245FFD /* Supporting Files */ = {
			isa = PBXGroup;
			children = (
				4BEDEA351DB7257500245FFD /* main.m */,
			);
			name = "Supporting Files";
			sourceTree = "<group>";
		};
		4BEDEA4D1DB7257500245FFD /* swipeTests */ = {
			isa = PBXGroup;
			children = (
				4BEDEA4E1DB7257500245FFD /* swipeTests.m */,
				4BEDEA501DB7257500245FFD /* Info.plist */,
			);
			path = swipeTests;
			sourceTree = "<group>";
		};
		4BEDEA581DB7257500245FFD /* swipeUITests */ = {
			isa = PBXGroup;
			children = (
				4BEDEA591DB7257500245FFD /* swipeUITests.m */,
				4BEDEA5B1DB7257500245FFD /* Info.plist */,
			);
			path = swipeUITests;
			sourceTree = "<group>";
		};
/* End PBXGroup section */

/* Begin PBXNativeTarget section */
		4BEDEA301DB7257500245FFD /* swipe */ = {
			isa = PBXNativeTarget;
			buildConfigurationList = 4BEDEA5E1DB7257500245FFD /* Build configuration list for PBXNativeTarget "swipe" */;
			buildPhases = (
				4BEDEA2D1DB7257500245FFD /* Sources */,
				4BEDEA2E1DB7257500245FFD /* Frameworks */,
				4BEDEA2F1DB7257500245FFD /* Resources */,
			);
			buildRules = (
			);
			dependencies = (
			);
			name = swipe;
			productName = swipe;
			productReference = 4BEDEA311DB7257500245FFD /* swipe.app */;
			productType = "com.apple.product-type.application";
		};
		4BEDEA491DB7257500245FFD /* swipeTests */ = {
			isa = PBXNativeTarget;
			buildConfigurationList = 4BEDEA611DB7257500245FFD /* Build configuration list for PBXNativeTarget "swipeTests" */;
			buildPhases = (
				4BEDEA461DB7257500245FFD /* Sources */,
				4BEDEA471DB7257500245FFD /* Frameworks */,
				4BEDEA481DB7257500245FFD /* Resources */,
			);
			buildRules = (
			);
			dependencies = (
				4BEDEA4C1DB7257500245FFD /* PBXTargetDependency */,
			);
			name = swipeTests;
			productName = swipeTests;
			productReference = 4BEDEA4A1DB7257500245FFD /* swipeTests.xctest */;
			productType = "com.apple.product-type.bundle.unit-test";
		};
		4BEDEA541DB7257500245FFD /* swipeUITests */ = {
			isa = PBXNativeTarget;
			buildConfigurationList = 4BEDEA641DB7257500245FFD /* Build configuration list for PBXNativeTarget "swipeUITests" */;
			buildPhases = (
				4BEDEA511DB7257500245FFD /* Sources */,
				4BEDEA521DB7257500245FFD /* Frameworks */,
				4BEDEA531DB7257500245FFD /* Resources */,
			);
			buildRules = (
			);
			dependencies = (
				4BEDEA571DB7257500245FFD /* PBXTargetDependency */,
			);
			name = swipeUITests;
			productName = swipeUITests;
			productReference = 4BEDEA551DB7257500245FFD /* swipeUITests.xctest */;
			productType = "com.apple.product-type.bundle.ui-testing";
		};
/* End PBXNativeTarget section */

/* Begin PBXProject section */
		4BEDEA291DB7257500245FFD /* Project object */ = {
			isa = PBXProject;
			attributes = {
				LastUpgradeCheck = 0730;
				ORGANIZATIONNAME = "Felix-harish";
				TargetAttributes = {
					4BEDEA301DB7257500245FFD = {
						CreatedOnToolsVersion = 7.3.1;
					};
					4BEDEA491DB7257500245FFD = {
						CreatedOnToolsVersion = 7.3.1;
						TestTargetID = 4BEDEA301DB7257500245FFD;
					};
					4BEDEA541DB7257500245FFD = {
						CreatedOnToolsVersion = 7.3.1;
						TestTargetID = 4BEDEA301DB7257500245FFD;
					};
				};
			};
			buildConfigurationList = 4BEDEA2C1DB7257500245FFD /* Build configuration list for PBXProject "swipe" */;
			compatibilityVersion = "Xcode 3.2";
			developmentRegion = English;
			hasScannedForEncodings = 0;
			knownRegions = (
				en,
				Base,
			);
			mainGroup = 4BEDEA281DB7257500245FFD;
			productRefGroup = 4BEDEA321DB7257500245FFD /* Products */;
			projectDirPath = "";
			projectRoot = "";
			targets = (
				4BEDEA301DB7257500245FFD /* swipe */,
				4BEDEA491DB7257500245FFD /* swipeTests */,
				4BEDEA541DB7257500245FFD /* swipeUITests */,
			);
		};
/* End PBXProject section */

/* Begin PBXResourcesBuildPhase section */
		4BEDEA2F1DB7257500245FFD /* Resources */ = {
			isa = PBXResourcesBuildPhase;
			buildActionMask = 2147483647;
			files = (
				4BEDEA441DB7257500245FFD /* LaunchScreen.storyboard in Resources */,
				4BEDEA411DB7257500245FFD /* Assets.xcassets in Resources */,
				4BEDEA6B1DB7286000245FFD /* 2.png in Resources */,
				4BEDEA711DB728F500245FFD /* 31.png in Resources */,
				4BEDEA6F1DB728D800245FFD /* 3.png in Resources */,
				4BEDEA3F1DB7257500245FFD /* Main.storyboard in Resources */,
				4BEDEA6D1DB728B200245FFD /* 1.png in Resources */,
			);
			runOnlyForDeploymentPostprocessing = 0;
		};
		4BEDEA481DB7257500245FFD /* Resources */ = {
			isa = PBXResourcesBuildPhase;
			buildActionMask = 2147483647;
			files = (
			);
			runOnlyForDeploymentPostprocessing = 0;
		};
		4BEDEA531DB7257500245FFD /* Resources */ = {
			isa = PBXResourcesBuildPhase;
			buildActionMask = 2147483647;
			files = (
			);
			runOnlyForDeploymentPostprocessing = 0;
		};
/* End PBXResourcesBuildPhase section */

/* Begin PBXSourcesBuildPhase section */
		4BEDEA2D1DB7257500245FFD /* Sources */ = {
			isa = PBXSourcesBuildPhase;
			buildActionMask = 2147483647;
			files = (
				4BEDEA391DB7257500245FFD /* AppDelegate.m in Sources */,
				4BEDEA361DB7257500245FFD /* main.m in Sources */,
				4BEDEA691DB726E900245FFD /* SwipeViewController.m in Sources */,
			);
			runOnlyForDeploymentPostprocessing = 0;
		};
		4BEDEA461DB7257500245FFD /* Sources */ = {
			isa = PBXSourcesBuildPhase;
			buildActionMask = 2147483647;
			files = (
				4BEDEA4F1DB7257500245FFD /* swipeTests.m in Sources */,
			);
			runOnlyForDeploymentPostprocessing = 0;
		};
		4BEDEA511DB7257500245FFD /* Sources */ = {
			isa = PBXSourcesBuildPhase;
			buildActionMask = 2147483647;
			files = (
				4BEDEA5A1DB7257500245FFD /* swipeUITests.m in Sources */,
			);
			runOnlyForDeploymentPostprocessing = 0;
		};
/* End PBXSourcesBuildPhase section */

/* Begin PBXTargetDependency section */
		4BEDEA4C1DB7257500245FFD /* PBXTargetDependency */ = {
			isa = PBXTargetDependency;
			target = 4BEDEA301DB7257500245FFD /* swipe */;
			targetProxy = 4BEDEA4B1DB7257500245FFD /* PBXContainerItemProxy */;
		};
		4BEDEA571DB7257500245FFD /* PBXTargetDependency */ = {
			isa = PBXTargetDependency;
			target = 4BEDEA301DB7257500245FFD /* swipe */;
			targetProxy = 4BEDEA561DB7257500245FFD /* PBXContainerItemProxy */;
		};
/* End PBXTargetDependency section */

/* Begin PBXVariantGroup section */
		4BEDEA3D1DB7257500245FFD /* Main.storyboard */ = {
			isa = PBXVariantGroup;
			children = (
				4BEDEA3E1DB7257500245FFD /* Base */,
			);
			name = Main.storyboard;
			sourceTree = "<group>";
		};
		4BEDEA421DB7257500245FFD /* LaunchScreen.storyboard */ = {
			isa = PBXVariantGroup;
			children = (
				4BEDEA431DB7257500245FFD /* Base */,
			);
			name = LaunchScreen.storyboard;
			sourceTree = "<group>";
		};
/* End PBXVariantGroup section */

/* Begin XCBuildConfiguration section */
		4BEDEA5C1DB7257500245FFD /* Debug */ = {
			isa = XCBuildConfiguration;
			buildSettings = {
				ALWAYS_SEARCH_USER_PATHS = NO;
				CLANG_ANALYZER_NONNULL = YES;
				CLANG_CXX_LANGUAGE_STANDARD = "gnu++0x";
				CLANG_CXX_LIBRARY = "libc++";
				CLANG_ENABLE_MODULES = YES;
				CLANG_ENABLE_OBJC_ARC = YES;
				CLANG_WARN_BOOL_CONVERSION = YES;
				CLANG_WARN_CONSTANT_CONVERSION = YES;
				CLANG_WARN_DIRECT_OBJC_ISA_USAGE = YES_ERROR;
				CLANG_WARN_EMPTY_BODY = YES;
				CLANG_WARN_ENUM_CONVERSION = YES;
				CLANG_WARN_INT_CONVERSION = YES;
				CLANG_WARN_OBJC_ROOT_CLASS = YES_ERROR;
				CLANG_WARN_UNREACHABLE_CODE = YES;
				CLANG_WARN__DUPLICATE_METHOD_MATCH = YES;
				"CODE_SIGN_IDENTITY[sdk=iphoneos*]" = "iPhone Developer";
				COPY_PHASE_STRIP = NO;
				DEBUG_INFORMATION_FORMAT = dwarf;
				ENABLE_STRICT_OBJC_MSGSEND = YES;
				ENABLE_TESTABILITY = YES;
				GCC_C_LANGUAGE_STANDARD = gnu99;
				GCC_DYNAMIC_NO_PIC = NO;
				GCC_NO_COMMON_BLOCKS = YES;
				GCC_OPTIMIZATION_LEVEL = 0;
				GCC_PREPROCESSOR_DEFINITIONS = (
					"DEBUG=1",
					"$(inherited)",
				);
				GCC_WARN_64_TO_32_BIT_CONVERSION = YES;
				GCC_WARN_ABOUT_RETURN_TYPE = YES_ERROR;
				GCC_WARN_UNDECLARED_SELECTOR = YES;
				GCC_WARN_UNINITIALIZED_AUTOS = YES_AGGRESSIVE;
				GCC_WARN_UNUSED_FUNCTION = YES;
				GCC_WARN_UNUSED_VARIABLE = YES;
				IPHONEOS_DEPLOYMENT_TARGET = 9.3;
				MTL_ENABLE_DEBUG_INFO = YES;
				ONLY_ACTIVE_ARCH = YES;
				SDKROOT = iphoneos;
			};
			name = Debug;
		};
		4BEDEA5D1DB7257500245FFD /* Release */ = {
			isa = XCBuildConfiguration;
			buildSettings = {
				ALWAYS_SEARCH_USER_PATHS = NO;
				CLANG_ANALYZER_NONNULL = YES;
				CLANG_CXX_LANGUAGE_STANDARD = "gnu++0x";
				CLANG_CXX_LIBRARY = "libc++";
				CLANG_ENABLE_MODULES = YES;
				CLANG_ENABLE_OBJC_ARC = YES;
				CLANG_WARN_BOOL_CONVERSION = YES;
				CLANG_WARN_CONSTANT_CONVERSION = YES;
				CLANG_WARN_DIRECT_OBJC_ISA_USAGE = YES_ERROR;
				CLANG_WARN_EMPTY_BODY = YES;
				CLANG_WARN_ENUM_CONVERSION = YES;
				CLANG_WARN_INT_CONVERSION = YES;
				CLANG_WARN_OBJC_ROOT_CLASS = YES_ERROR;
				CLANG_WARN_UNREACHABLE_CODE = YES;
				CLANG_WARN__DUPLICATE_METHOD_MATCH = YES;
				"CODE_SIGN_IDENTITY[sdk=iphoneos*]" = "iPhone Developer";
				COPY_PHASE_STRIP = NO;
				DEBUG_INFORMATION_FORMAT = "dwarf-with-dsym";
				ENABLE_NS_ASSERTIONS = NO;
				ENABLE_STRICT_OBJC_MSGSEND = YES;
				GCC_C_LANGUAGE_STANDARD = gnu99;
				GCC_NO_COMMON_BLOCKS = YES;
				GCC_WARN_64_TO_32_BIT_CONVERSION = YES;
				GCC_WARN_ABOUT_RETURN_TYPE = YES_ERROR;
				GCC_WARN_UNDECLARED_SELECTOR = YES;
				GCC_WARN_UNINITIALIZED_AUTOS = YES_AGGRESSIVE;
				GCC_WARN_UNUSED_FUNCTION = YES;
				GCC_WARN_UNUSED_VARIABLE = YES;
				IPHONEOS_DEPLOYMENT_TARGET = 9.3;
				MTL_ENABLE_DEBUG_INFO = NO;
				SDKROOT = iphoneos;
				VALIDATE_PRODUCT = YES;
			};
			name = Release;
		};
		4BEDEA5F1DB7257500245FFD /* Debug */ = {
			isa = XCBuildConfiguration;
			buildSettings = {
				ASSETCATALOG_COMPILER_APPICON_NAME = AppIcon;
				INFOPLIST_FILE = swipe/Info.plist;
				LD_RUNPATH_SEARCH_PATHS = "$(inherited) @executable_path/Frameworks";
				PRODUCT_BUNDLE_IDENTIFIER = "Felix-harish.swipe";
				PRODUCT_NAME = "$(TARGET_NAME)";
			};
			name = Debug;
		};
		4BEDEA601DB7257500245FFD /* Release */ = {
			isa = XCBuildConfiguration;
			buildSettings = {
				ASSETCATALOG_COMPILER_APPICON_NAME = AppIcon;
				INFOPLIST_FILE = swipe/Info.plist;
				LD_RUNPATH_SEARCH_PATHS = "$(inherited) @executable_path/Frameworks";
				PRODUCT_BUNDLE_IDENTIFIER = "Felix-harish.swipe";
				PRODUCT_NAME = "$(TARGET_NAME)";
			};
			name = Release;
		};
		4BEDEA621DB7257500245FFD /* Debug */ = {
			isa = XCBuildConfiguration;
			buildSettings = {
				BUNDLE_LOADER = "$(TEST_HOST)";
				INFOPLIST_FILE = swipeTests/Info.plist;
				LD_RUNPATH_SEARCH_PATHS = "$(inherited) @executable_path/Frameworks @loader_path/Frameworks";
				PRODUCT_BUNDLE_IDENTIFIER = "Felix-harish.swipeTests";
				PRODUCT_NAME = "$(TARGET_NAME)";
				TEST_HOST = "$(BUILT_PRODUCTS_DIR)/swipe.app/swipe";
			};
			name = Debug;
		};
		4BEDEA631DB7257500245FFD /* Release */ = {
			isa = XCBuildConfiguration;
			buildSettings = {
				BUNDLE_LOADER = "$(TEST_HOST)";
				INFOPLIST_FILE = swipeTests/Info.plist;
				LD_RUNPATH_SEARCH_PATHS = "$(inherited) @executable_path/Frameworks @loader_path/Frameworks";
				PRODUCT_BUNDLE_IDENTIFIER = "Felix-harish.swipeTests";
				PRODUCT_NAME = "$(TARGET_NAME)";
				TEST_HOST = "$(BUILT_PRODUCTS_DIR)/swipe.app/swipe";
			};
			name = Release;
		};
		4BEDEA651DB7257500245FFD /* Debug */ = {
			isa = XCBuildConfiguration;
			buildSettings = {
				INFOPLIST_FILE = swipeUITests/Info.plist;
				LD_RUNPATH_SEARCH_PATHS = "$(inherited) @executable_path/Frameworks @loader_path/Frameworks";
				PRODUCT_BUNDLE_IDENTIFIER = "Felix-harish.swipeUITests";
				PRODUCT_NAME = "$(TARGET_NAME)";
				TEST_TARGET_NAME = swipe;
			};
			name = Debug;
		};
		4BEDEA661DB7257500245FFD /* Release */ = {
			isa = XCBuildConfiguration;
			buildSettings = {
				INFOPLIST_FILE = swipeUITests/Info.plist;
				LD_RUNPATH_SEARCH_PATHS = "$(inherited) @executable_path/Frameworks @loader_path/Frameworks";
				PRODUCT_BUNDLE_IDENTIFIER = "Felix-harish.swipeUITests";
				PRODUCT_NAME = "$(TARGET_NAME)";
				TEST_TARGET_NAME = swipe;
			};
			name = Release;
		};
/* End XCBuildConfiguration section */

/* Begin XCConfigurationList section */
		4BEDEA2C1DB7257500245FFD /* Build configuration list for PBXProject "swipe" */ = {
			isa = XCConfigurationList;
			buildConfigurations = (
				4BEDEA5C1DB7257500245FFD /* Debug */,
				4BEDEA5D1DB7257500245FFD /* Release */,
			);
			defaultConfigurationIsVisible = 0;
			defaultConfigurationName = Release;
		};
		4BEDEA5E1DB7257500245FFD /* Build configuration list for PBXNativeTarget "swipe" */ = {
			isa = XCConfigurationList;
			buildConfigurations = (
				4BEDEA5F1DB7257500245FFD /* Debug */,
				4BEDEA601DB7257500245FFD /* Release */,
			);
			defaultConfigurationIsVisible = 0;
		};
		4BEDEA611DB7257500245FFD /* Build configuration list for PBXNativeTarget "swipeTests" */ = {
			isa = XCConfigurationList;
			buildConfigurations = (
				4BEDEA621DB7257500245FFD /* Debug */,
				4BEDEA631DB7257500245FFD /* Release */,
			);
			defaultConfigurationIsVisible = 0;
		};
		4BEDEA641DB7257500245FFD /* Build configuration list for PBXNativeTarget "swipeUITests" */ = {
			isa = XCConfigurationList;
			buildConfigurations = (
				4BEDEA651DB7257500245FFD /* Debug */,
				4BEDEA661DB7257500245FFD /* Release */,
			);
			defaultConfigurationIsVisible = 0;
		};
/* End XCConfigurationList section */
	};
	rootObject = 4BEDEA291DB7257500245FFD /* Project object */;
}
